# THIS IS AN AUTOGENERATED FILE. DO NOT EDIT THIS FILE DIRECTLY.
# yarn lockfile v1


"iron-a11y-keys-behavior@file:iron-a11y-keys-behavior":
  version "0.0.0"

"iron-autogrow-textarea@file:iron-autogrow-textarea":
  version "0.0.0"

"iron-dropdown@file:iron-dropdown":
  version "0.0.0"

"iron-fit-behavior@file:iron-fit-behavior":
  version "0.0.0"

"iron-icon@file:iron-icon":
  version "0.0.0"

"iron-iconset-svg@file:iron-iconset-svg":
  version "0.0.0"

"iron-input@file:iron-input":
  version "0.0.0"

"iron-overlay-behavior@file:iron-overlay-behavior":
  version "0.0.0"

"iron-selector@file:iron-selector":
  version "0.0.0"

"paper-button@file:paper-button":
  version "0.0.0"

"paper-input@file:paper-input":
  version "0.0.0"

"paper-item@file:paper-item":
  version "0.0.0"

"paper-listbox@file:paper-listbox":
  version "0.0.0"

"paper-tabs@file:paper-tabs":
  version "0.0.0"

"paper-toggle-button@file:paper-toggle-button":
  version "0.0.0"

"polymer-resin@file:polymer-resin":
  version "0.0.0"

"polymer@file:polymer":
  version "0.0.0"
